
Microsoft Visual Studio Solution File, Format Version 12.00
# Visual Studio Version 17
VisualStudioVersion = 17.0.31903.59
MinimumVisualStudioVersion = 10.0.40219.1
Project("{F2A71F9B-5D33-465A-A702-920D77279786}") = "Aoc2016", "Aoc2016\Aoc2016.fsproj", "{5ADE3562-64A9-4F0A-9DB9-201FB201B0E8}"
EndProject
Project("{F2A71F9B-5D33-465A-A702-920D77279786}") = "Aoc2016.Tests", "Aoc2016.Tests\Aoc2016.Tests.fsproj", "{1EF590BE-3438-441D-86B3-9752A44BD991}"
EndProject
Global
	GlobalSection(SolutionConfigurationPlatforms) = preSolution
		Debug|Any CPU = Debug|Any CPU
		Release|Any CPU = Release|Any CPU
	EndGlobalSection
	GlobalSection(SolutionProperties) = preSolution
		HideSolutionNode = FALSE
	EndGlobalSection
	GlobalSection(ProjectConfigurationPlatforms) = postSolution
		{5ADE3562-64A9-4F0A-9DB9-201FB201B0E8}.Debug|Any CPU.ActiveCfg = Debug|Any CPU
		{5ADE3562-64A9-4F0A-9DB9-201FB201B0E8}.Debug|Any CPU.Build.0 = Debug|Any CPU
		{5ADE3562-64A9-4F0A-9DB9-201FB201B0E8}.Release|Any CPU.ActiveCfg = Release|Any CPU
		{5ADE3562-64A9-4F0A-9DB9-201FB201B0E8}.Release|Any CPU.Build.0 = Release|Any CPU
		{1EF590BE-3438-441D-86B3-9752A44BD991}.Debug|Any CPU.ActiveCfg = Debug|Any CPU
		{1EF590BE-3438-441D-86B3-9752A44BD991}.Debug|Any CPU.Build.0 = Debug|Any CPU
		{1EF590BE-3438-441D-86B3-9752A44BD991}.Release|Any CPU.ActiveCfg = Release|Any CPU
		{1EF590BE-3438-441D-86B3-9752A44BD991}.Release|Any CPU.Build.0 = Release|Any CPU
	EndGlobalSection
EndGlobal
