
Microsoft Visual Studio Solution File, Format Version 12.00
# Visual Studio 15
VisualStudioVersion = 15.0.26124.0
MinimumVisualStudioVersion = 15.0.26124.0
Project("{FAE04EC0-301F-11D3-BF4B-00C04F79EFBC}") = "00", "00\00.csproj", "{5E1F9FB2-6007-43A0-8453-1143296EDBED}"
EndProject
Project("{FAE04EC0-301F-11D3-BF4B-00C04F79EFBC}") = "00.Tests", "00.Tests\00.Tests.csproj", "{1A31DC93-C174-4BB6-8113-BAB4B8E3FAB5}"
EndProject
Project("{FAE04EC0-301F-11D3-BF4B-00C04F79EFBC}") = "aoc-2019", "aoc-2019\aoc-2019.csproj", "{72411987-E85B-4756-8D95-B8E7D5CB4E8C}"
EndProject
Project("{FAE04EC0-301F-11D3-BF4B-00C04F79EFBC}") = "01", "01\01.csproj", "{6C4B53B2-4F95-44FC-AC28-DB40D37BDD73}"
EndProject
Project("{FAE04EC0-301F-11D3-BF4B-00C04F79EFBC}") = "01.Tests", "01.Tests\01.Tests.csproj", "{4F1E30EE-C2B2-45F2-A8A3-123AE78106DB}"
EndProject
Project("{FAE04EC0-301F-11D3-BF4B-00C04F79EFBC}") = "02", "02\02.csproj", "{5BCC451B-A4FD-44A1-BC3C-21418E9080C8}"
EndProject
Project("{FAE04EC0-301F-11D3-BF4B-00C04F79EFBC}") = "02.Tests", "02.Tests\02.Tests.csproj", "{96F4FDB0-EA1B-4628-952C-E4E859F7E57C}"
EndProject
Project("{FAE04EC0-301F-11D3-BF4B-00C04F79EFBC}") = "03", "03\03.csproj", "{458D13D1-D3A2-4507-8973-6E0C17BB0AA6}"
EndProject
Project("{FAE04EC0-301F-11D3-BF4B-00C04F79EFBC}") = "03.Tests", "03.Tests\03.Tests.csproj", "{B4571463-92E3-4B69-8BBE-023F47F3B1AE}"
EndProject
Project("{FAE04EC0-301F-11D3-BF4B-00C04F79EFBC}") = "04", "04\04.csproj", "{A4F9F418-425E-4197-A83A-7225E1BCDDD0}"
EndProject
Project("{FAE04EC0-301F-11D3-BF4B-00C04F79EFBC}") = "04.Tests", "04.Tests\04.Tests.csproj", "{601BD548-E975-473C-B61C-30922A7CACD5}"
EndProject
Project("{FAE04EC0-301F-11D3-BF4B-00C04F79EFBC}") = "05", "05\05.csproj", "{D088A55F-C9A7-4F48-8301-DA85903EEF31}"
EndProject
Project("{FAE04EC0-301F-11D3-BF4B-00C04F79EFBC}") = "05.Tests", "05.Tests\05.Tests.csproj", "{859D9417-5F4B-4CB3-A304-576D3F93E859}"
EndProject
Global
	GlobalSection(SolutionConfigurationPlatforms) = preSolution
		Debug|Any CPU = Debug|Any CPU
		Debug|x64 = Debug|x64
		Debug|x86 = Debug|x86
		Release|Any CPU = Release|Any CPU
		Release|x64 = Release|x64
		Release|x86 = Release|x86
	EndGlobalSection
	GlobalSection(SolutionProperties) = preSolution
		HideSolutionNode = FALSE
	EndGlobalSection
	GlobalSection(ProjectConfigurationPlatforms) = postSolution
		{5E1F9FB2-6007-43A0-8453-1143296EDBED}.Debug|Any CPU.ActiveCfg = Debug|Any CPU
		{5E1F9FB2-6007-43A0-8453-1143296EDBED}.Debug|Any CPU.Build.0 = Debug|Any CPU
		{5E1F9FB2-6007-43A0-8453-1143296EDBED}.Debug|x64.ActiveCfg = Debug|Any CPU
		{5E1F9FB2-6007-43A0-8453-1143296EDBED}.Debug|x64.Build.0 = Debug|Any CPU
		{5E1F9FB2-6007-43A0-8453-1143296EDBED}.Debug|x86.ActiveCfg = Debug|Any CPU
		{5E1F9FB2-6007-43A0-8453-1143296EDBED}.Debug|x86.Build.0 = Debug|Any CPU
		{5E1F9FB2-6007-43A0-8453-1143296EDBED}.Release|Any CPU.ActiveCfg = Release|Any CPU
		{5E1F9FB2-6007-43A0-8453-1143296EDBED}.Release|Any CPU.Build.0 = Release|Any CPU
		{5E1F9FB2-6007-43A0-8453-1143296EDBED}.Release|x64.ActiveCfg = Release|Any CPU
		{5E1F9FB2-6007-43A0-8453-1143296EDBED}.Release|x64.Build.0 = Release|Any CPU
		{5E1F9FB2-6007-43A0-8453-1143296EDBED}.Release|x86.ActiveCfg = Release|Any CPU
		{5E1F9FB2-6007-43A0-8453-1143296EDBED}.Release|x86.Build.0 = Release|Any CPU
		{1A31DC93-C174-4BB6-8113-BAB4B8E3FAB5}.Debug|Any CPU.ActiveCfg = Debug|Any CPU
		{1A31DC93-C174-4BB6-8113-BAB4B8E3FAB5}.Debug|Any CPU.Build.0 = Debug|Any CPU
		{1A31DC93-C174-4BB6-8113-BAB4B8E3FAB5}.Debug|x64.ActiveCfg = Debug|Any CPU
		{1A31DC93-C174-4BB6-8113-BAB4B8E3FAB5}.Debug|x64.Build.0 = Debug|Any CPU
		{1A31DC93-C174-4BB6-8113-BAB4B8E3FAB5}.Debug|x86.ActiveCfg = Debug|Any CPU
		{1A31DC93-C174-4BB6-8113-BAB4B8E3FAB5}.Debug|x86.Build.0 = Debug|Any CPU
		{1A31DC93-C174-4BB6-8113-BAB4B8E3FAB5}.Release|Any CPU.ActiveCfg = Release|Any CPU
		{1A31DC93-C174-4BB6-8113-BAB4B8E3FAB5}.Release|Any CPU.Build.0 = Release|Any CPU
		{1A31DC93-C174-4BB6-8113-BAB4B8E3FAB5}.Release|x64.ActiveCfg = Release|Any CPU
		{1A31DC93-C174-4BB6-8113-BAB4B8E3FAB5}.Release|x64.Build.0 = Release|Any CPU
		{1A31DC93-C174-4BB6-8113-BAB4B8E3FAB5}.Release|x86.ActiveCfg = Release|Any CPU
		{1A31DC93-C174-4BB6-8113-BAB4B8E3FAB5}.Release|x86.Build.0 = Release|Any CPU
		{72411987-E85B-4756-8D95-B8E7D5CB4E8C}.Debug|Any CPU.ActiveCfg = Debug|Any CPU
		{72411987-E85B-4756-8D95-B8E7D5CB4E8C}.Debug|Any CPU.Build.0 = Debug|Any CPU
		{72411987-E85B-4756-8D95-B8E7D5CB4E8C}.Debug|x64.ActiveCfg = Debug|Any CPU
		{72411987-E85B-4756-8D95-B8E7D5CB4E8C}.Debug|x64.Build.0 = Debug|Any CPU
		{72411987-E85B-4756-8D95-B8E7D5CB4E8C}.Debug|x86.ActiveCfg = Debug|Any CPU
		{72411987-E85B-4756-8D95-B8E7D5CB4E8C}.Debug|x86.Build.0 = Debug|Any CPU
		{72411987-E85B-4756-8D95-B8E7D5CB4E8C}.Release|Any CPU.ActiveCfg = Release|Any CPU
		{72411987-E85B-4756-8D95-B8E7D5CB4E8C}.Release|Any CPU.Build.0 = Release|Any CPU
		{72411987-E85B-4756-8D95-B8E7D5CB4E8C}.Release|x64.ActiveCfg = Release|Any CPU
		{72411987-E85B-4756-8D95-B8E7D5CB4E8C}.Release|x64.Build.0 = Release|Any CPU
		{72411987-E85B-4756-8D95-B8E7D5CB4E8C}.Release|x86.ActiveCfg = Release|Any CPU
		{72411987-E85B-4756-8D95-B8E7D5CB4E8C}.Release|x86.Build.0 = Release|Any CPU
		{6C4B53B2-4F95-44FC-AC28-DB40D37BDD73}.Debug|Any CPU.ActiveCfg = Debug|Any CPU
		{6C4B53B2-4F95-44FC-AC28-DB40D37BDD73}.Debug|Any CPU.Build.0 = Debug|Any CPU
		{6C4B53B2-4F95-44FC-AC28-DB40D37BDD73}.Debug|x64.ActiveCfg = Debug|Any CPU
		{6C4B53B2-4F95-44FC-AC28-DB40D37BDD73}.Debug|x64.Build.0 = Debug|Any CPU
		{6C4B53B2-4F95-44FC-AC28-DB40D37BDD73}.Debug|x86.ActiveCfg = Debug|Any CPU
		{6C4B53B2-4F95-44FC-AC28-DB40D37BDD73}.Debug|x86.Build.0 = Debug|Any CPU
		{6C4B53B2-4F95-44FC-AC28-DB40D37BDD73}.Release|Any CPU.ActiveCfg = Release|Any CPU
		{6C4B53B2-4F95-44FC-AC28-DB40D37BDD73}.Release|Any CPU.Build.0 = Release|Any CPU
		{6C4B53B2-4F95-44FC-AC28-DB40D37BDD73}.Release|x64.ActiveCfg = Release|Any CPU
		{6C4B53B2-4F95-44FC-AC28-DB40D37BDD73}.Release|x64.Build.0 = Release|Any CPU
		{6C4B53B2-4F95-44FC-AC28-DB40D37BDD73}.Release|x86.ActiveCfg = Release|Any CPU
		{6C4B53B2-4F95-44FC-AC28-DB40D37BDD73}.Release|x86.Build.0 = Release|Any CPU
		{4F1E30EE-C2B2-45F2-A8A3-123AE78106DB}.Debug|Any CPU.ActiveCfg = Debug|Any CPU
		{4F1E30EE-C2B2-45F2-A8A3-123AE78106DB}.Debug|Any CPU.Build.0 = Debug|Any CPU
		{4F1E30EE-C2B2-45F2-A8A3-123AE78106DB}.Debug|x64.ActiveCfg = Debug|Any CPU
		{4F1E30EE-C2B2-45F2-A8A3-123AE78106DB}.Debug|x64.Build.0 = Debug|Any CPU
		{4F1E30EE-C2B2-45F2-A8A3-123AE78106DB}.Debug|x86.ActiveCfg = Debug|Any CPU
		{4F1E30EE-C2B2-45F2-A8A3-123AE78106DB}.Debug|x86.Build.0 = Debug|Any CPU
		{4F1E30EE-C2B2-45F2-A8A3-123AE78106DB}.Release|Any CPU.ActiveCfg = Release|Any CPU
		{4F1E30EE-C2B2-45F2-A8A3-123AE78106DB}.Release|Any CPU.Build.0 = Release|Any CPU
		{4F1E30EE-C2B2-45F2-A8A3-123AE78106DB}.Release|x64.ActiveCfg = Release|Any CPU
		{4F1E30EE-C2B2-45F2-A8A3-123AE78106DB}.Release|x64.Build.0 = Release|Any CPU
		{4F1E30EE-C2B2-45F2-A8A3-123AE78106DB}.Release|x86.ActiveCfg = Release|Any CPU
		{4F1E30EE-C2B2-45F2-A8A3-123AE78106DB}.Release|x86.Build.0 = Release|Any CPU
		{5BCC451B-A4FD-44A1-BC3C-21418E9080C8}.Debug|Any CPU.ActiveCfg = Debug|Any CPU
		{5BCC451B-A4FD-44A1-BC3C-21418E9080C8}.Debug|Any CPU.Build.0 = Debug|Any CPU
		{5BCC451B-A4FD-44A1-BC3C-21418E9080C8}.Debug|x64.ActiveCfg = Debug|Any CPU
		{5BCC451B-A4FD-44A1-BC3C-21418E9080C8}.Debug|x64.Build.0 = Debug|Any CPU
		{5BCC451B-A4FD-44A1-BC3C-21418E9080C8}.Debug|x86.ActiveCfg = Debug|Any CPU
		{5BCC451B-A4FD-44A1-BC3C-21418E9080C8}.Debug|x86.Build.0 = Debug|Any CPU
		{5BCC451B-A4FD-44A1-BC3C-21418E9080C8}.Release|Any CPU.ActiveCfg = Release|Any CPU
		{5BCC451B-A4FD-44A1-BC3C-21418E9080C8}.Release|Any CPU.Build.0 = Release|Any CPU
		{5BCC451B-A4FD-44A1-BC3C-21418E9080C8}.Release|x64.ActiveCfg = Release|Any CPU
		{5BCC451B-A4FD-44A1-BC3C-21418E9080C8}.Release|x64.Build.0 = Release|Any CPU
		{5BCC451B-A4FD-44A1-BC3C-21418E9080C8}.Release|x86.ActiveCfg = Release|Any CPU
		{5BCC451B-A4FD-44A1-BC3C-21418E9080C8}.Release|x86.Build.0 = Release|Any CPU
		{96F4FDB0-EA1B-4628-952C-E4E859F7E57C}.Debug|Any CPU.ActiveCfg = Debug|Any CPU
		{96F4FDB0-EA1B-4628-952C-E4E859F7E57C}.Debug|Any CPU.Build.0 = Debug|Any CPU
		{96F4FDB0-EA1B-4628-952C-E4E859F7E57C}.Debug|x64.ActiveCfg = Debug|Any CPU
		{96F4FDB0-EA1B-4628-952C-E4E859F7E57C}.Debug|x64.Build.0 = Debug|Any CPU
		{96F4FDB0-EA1B-4628-952C-E4E859F7E57C}.Debug|x86.ActiveCfg = Debug|Any CPU
		{96F4FDB0-EA1B-4628-952C-E4E859F7E57C}.Debug|x86.Build.0 = Debug|Any CPU
		{96F4FDB0-EA1B-4628-952C-E4E859F7E57C}.Release|Any CPU.ActiveCfg = Release|Any CPU
		{96F4FDB0-EA1B-4628-952C-E4E859F7E57C}.Release|Any CPU.Build.0 = Release|Any CPU
		{96F4FDB0-EA1B-4628-952C-E4E859F7E57C}.Release|x64.ActiveCfg = Release|Any CPU
		{96F4FDB0-EA1B-4628-952C-E4E859F7E57C}.Release|x64.Build.0 = Release|Any CPU
		{96F4FDB0-EA1B-4628-952C-E4E859F7E57C}.Release|x86.ActiveCfg = Release|Any CPU
		{96F4FDB0-EA1B-4628-952C-E4E859F7E57C}.Release|x86.Build.0 = Release|Any CPU
		{458D13D1-D3A2-4507-8973-6E0C17BB0AA6}.Debug|Any CPU.ActiveCfg = Debug|Any CPU
		{458D13D1-D3A2-4507-8973-6E0C17BB0AA6}.Debug|Any CPU.Build.0 = Debug|Any CPU
		{458D13D1-D3A2-4507-8973-6E0C17BB0AA6}.Debug|x64.ActiveCfg = Debug|Any CPU
		{458D13D1-D3A2-4507-8973-6E0C17BB0AA6}.Debug|x64.Build.0 = Debug|Any CPU
		{458D13D1-D3A2-4507-8973-6E0C17BB0AA6}.Debug|x86.ActiveCfg = Debug|Any CPU
		{458D13D1-D3A2-4507-8973-6E0C17BB0AA6}.Debug|x86.Build.0 = Debug|Any CPU
		{458D13D1-D3A2-4507-8973-6E0C17BB0AA6}.Release|Any CPU.ActiveCfg = Release|Any CPU
		{458D13D1-D3A2-4507-8973-6E0C17BB0AA6}.Release|Any CPU.Build.0 = Release|Any CPU
		{458D13D1-D3A2-4507-8973-6E0C17BB0AA6}.Release|x64.ActiveCfg = Release|Any CPU
		{458D13D1-D3A2-4507-8973-6E0C17BB0AA6}.Release|x64.Build.0 = Release|Any CPU
		{458D13D1-D3A2-4507-8973-6E0C17BB0AA6}.Release|x86.ActiveCfg = Release|Any CPU
		{458D13D1-D3A2-4507-8973-6E0C17BB0AA6}.Release|x86.Build.0 = Release|Any CPU
		{B4571463-92E3-4B69-8BBE-023F47F3B1AE}.Debug|Any CPU.ActiveCfg = Debug|Any CPU
		{B4571463-92E3-4B69-8BBE-023F47F3B1AE}.Debug|Any CPU.Build.0 = Debug|Any CPU
		{B4571463-92E3-4B69-8BBE-023F47F3B1AE}.Debug|x64.ActiveCfg = Debug|Any CPU
		{B4571463-92E3-4B69-8BBE-023F47F3B1AE}.Debug|x64.Build.0 = Debug|Any CPU
		{B4571463-92E3-4B69-8BBE-023F47F3B1AE}.Debug|x86.ActiveCfg = Debug|Any CPU
		{B4571463-92E3-4B69-8BBE-023F47F3B1AE}.Debug|x86.Build.0 = Debug|Any CPU
		{B4571463-92E3-4B69-8BBE-023F47F3B1AE}.Release|Any CPU.ActiveCfg = Release|Any CPU
		{B4571463-92E3-4B69-8BBE-023F47F3B1AE}.Release|Any CPU.Build.0 = Release|Any CPU
		{B4571463-92E3-4B69-8BBE-023F47F3B1AE}.Release|x64.ActiveCfg = Release|Any CPU
		{B4571463-92E3-4B69-8BBE-023F47F3B1AE}.Release|x64.Build.0 = Release|Any CPU
		{B4571463-92E3-4B69-8BBE-023F47F3B1AE}.Release|x86.ActiveCfg = Release|Any CPU
		{B4571463-92E3-4B69-8BBE-023F47F3B1AE}.Release|x86.Build.0 = Release|Any CPU
		{A4F9F418-425E-4197-A83A-7225E1BCDDD0}.Debug|Any CPU.ActiveCfg = Debug|Any CPU
		{A4F9F418-425E-4197-A83A-7225E1BCDDD0}.Debug|Any CPU.Build.0 = Debug|Any CPU
		{A4F9F418-425E-4197-A83A-7225E1BCDDD0}.Debug|x64.ActiveCfg = Debug|Any CPU
		{A4F9F418-425E-4197-A83A-7225E1BCDDD0}.Debug|x64.Build.0 = Debug|Any CPU
		{A4F9F418-425E-4197-A83A-7225E1BCDDD0}.Debug|x86.ActiveCfg = Debug|Any CPU
		{A4F9F418-425E-4197-A83A-7225E1BCDDD0}.Debug|x86.Build.0 = Debug|Any CPU
		{A4F9F418-425E-4197-A83A-7225E1BCDDD0}.Release|Any CPU.ActiveCfg = Release|Any CPU
		{A4F9F418-425E-4197-A83A-7225E1BCDDD0}.Release|Any CPU.Build.0 = Release|Any CPU
		{A4F9F418-425E-4197-A83A-7225E1BCDDD0}.Release|x64.ActiveCfg = Release|Any CPU
		{A4F9F418-425E-4197-A83A-7225E1BCDDD0}.Release|x64.Build.0 = Release|Any CPU
		{A4F9F418-425E-4197-A83A-7225E1BCDDD0}.Release|x86.ActiveCfg = Release|Any CPU
		{A4F9F418-425E-4197-A83A-7225E1BCDDD0}.Release|x86.Build.0 = Release|Any CPU
		{601BD548-E975-473C-B61C-30922A7CACD5}.Debug|Any CPU.ActiveCfg = Debug|Any CPU
		{601BD548-E975-473C-B61C-30922A7CACD5}.Debug|Any CPU.Build.0 = Debug|Any CPU
		{601BD548-E975-473C-B61C-30922A7CACD5}.Debug|x64.ActiveCfg = Debug|Any CPU
		{601BD548-E975-473C-B61C-30922A7CACD5}.Debug|x64.Build.0 = Debug|Any CPU
		{601BD548-E975-473C-B61C-30922A7CACD5}.Debug|x86.ActiveCfg = Debug|Any CPU
		{601BD548-E975-473C-B61C-30922A7CACD5}.Debug|x86.Build.0 = Debug|Any CPU
		{601BD548-E975-473C-B61C-30922A7CACD5}.Release|Any CPU.ActiveCfg = Release|Any CPU
		{601BD548-E975-473C-B61C-30922A7CACD5}.Release|Any CPU.Build.0 = Release|Any CPU
		{601BD548-E975-473C-B61C-30922A7CACD5}.Release|x64.ActiveCfg = Release|Any CPU
		{601BD548-E975-473C-B61C-30922A7CACD5}.Release|x64.Build.0 = Release|Any CPU
		{601BD548-E975-473C-B61C-30922A7CACD5}.Release|x86.ActiveCfg = Release|Any CPU
		{601BD548-E975-473C-B61C-30922A7CACD5}.Release|x86.Build.0 = Release|Any CPU
		{D088A55F-C9A7-4F48-8301-DA85903EEF31}.Debug|Any CPU.ActiveCfg = Debug|Any CPU
		{D088A55F-C9A7-4F48-8301-DA85903EEF31}.Debug|Any CPU.Build.0 = Debug|Any CPU
		{D088A55F-C9A7-4F48-8301-DA85903EEF31}.Debug|x64.ActiveCfg = Debug|Any CPU
		{D088A55F-C9A7-4F48-8301-DA85903EEF31}.Debug|x64.Build.0 = Debug|Any CPU
		{D088A55F-C9A7-4F48-8301-DA85903EEF31}.Debug|x86.ActiveCfg = Debug|Any CPU
		{D088A55F-C9A7-4F48-8301-DA85903EEF31}.Debug|x86.Build.0 = Debug|Any CPU
		{D088A55F-C9A7-4F48-8301-DA85903EEF31}.Release|Any CPU.ActiveCfg = Release|Any CPU
		{D088A55F-C9A7-4F48-8301-DA85903EEF31}.Release|Any CPU.Build.0 = Release|Any CPU
		{D088A55F-C9A7-4F48-8301-DA85903EEF31}.Release|x64.ActiveCfg = Release|Any CPU
		{D088A55F-C9A7-4F48-8301-DA85903EEF31}.Release|x64.Build.0 = Release|Any CPU
		{D088A55F-C9A7-4F48-8301-DA85903EEF31}.Release|x86.ActiveCfg = Release|Any CPU
		{D088A55F-C9A7-4F48-8301-DA85903EEF31}.Release|x86.Build.0 = Release|Any CPU
		{859D9417-5F4B-4CB3-A304-576D3F93E859}.Debug|Any CPU.ActiveCfg = Debug|Any CPU
		{859D9417-5F4B-4CB3-A304-576D3F93E859}.Debug|Any CPU.Build.0 = Debug|Any CPU
		{859D9417-5F4B-4CB3-A304-576D3F93E859}.Debug|x64.ActiveCfg = Debug|Any CPU
		{859D9417-5F4B-4CB3-A304-576D3F93E859}.Debug|x64.Build.0 = Debug|Any CPU
		{859D9417-5F4B-4CB3-A304-576D3F93E859}.Debug|x86.ActiveCfg = Debug|Any CPU
		{859D9417-5F4B-4CB3-A304-576D3F93E859}.Debug|x86.Build.0 = Debug|Any CPU
		{859D9417-5F4B-4CB3-A304-576D3F93E859}.Release|Any CPU.ActiveCfg = Release|Any CPU
		{859D9417-5F4B-4CB3-A304-576D3F93E859}.Release|Any CPU.Build.0 = Release|Any CPU
		{859D9417-5F4B-4CB3-A304-576D3F93E859}.Release|x64.ActiveCfg = Release|Any CPU
		{859D9417-5F4B-4CB3-A304-576D3F93E859}.Release|x64.Build.0 = Release|Any CPU
		{859D9417-5F4B-4CB3-A304-576D3F93E859}.Release|x86.ActiveCfg = Release|Any CPU
		{859D9417-5F4B-4CB3-A304-576D3F93E859}.Release|x86.Build.0 = Release|Any CPU
	EndGlobalSection
EndGlobal
