
Microsoft Visual Studio Solution File, Format Version 12.00
# Visual Studio Version 17
VisualStudioVersion = 17.0.31903.59
MinimumVisualStudioVersion = 10.0.40219.1
Project("{F2A71F9B-5D33-465A-A702-920D77279786}") = "Aoc2015", "Aoc2015\Aoc2015.fsproj", "{74339BB6-8373-432D-809B-3A90BEBA4D85}"
EndProject
Project("{F2A71F9B-5D33-465A-A702-920D77279786}") = "Aoc2015.Tests", "Aoc2015.Tests\Aoc2015.Tests.fsproj", "{404C388B-AD97-442C-8F2D-EFB3B6D40086}"
EndProject
Global
	GlobalSection(SolutionConfigurationPlatforms) = preSolution
		Debug|Any CPU = Debug|Any CPU
		Release|Any CPU = Release|Any CPU
	EndGlobalSection
	GlobalSection(SolutionProperties) = preSolution
		HideSolutionNode = FALSE
	EndGlobalSection
	GlobalSection(ProjectConfigurationPlatforms) = postSolution
		{74339BB6-8373-432D-809B-3A90BEBA4D85}.Debug|Any CPU.ActiveCfg = Debug|Any CPU
		{74339BB6-8373-432D-809B-3A90BEBA4D85}.Debug|Any CPU.Build.0 = Debug|Any CPU
		{74339BB6-8373-432D-809B-3A90BEBA4D85}.Release|Any CPU.ActiveCfg = Release|Any CPU
		{74339BB6-8373-432D-809B-3A90BEBA4D85}.Release|Any CPU.Build.0 = Release|Any CPU
		{404C388B-AD97-442C-8F2D-EFB3B6D40086}.Debug|Any CPU.ActiveCfg = Debug|Any CPU
		{404C388B-AD97-442C-8F2D-EFB3B6D40086}.Debug|Any CPU.Build.0 = Debug|Any CPU
		{404C388B-AD97-442C-8F2D-EFB3B6D40086}.Release|Any CPU.ActiveCfg = Release|Any CPU
		{404C388B-AD97-442C-8F2D-EFB3B6D40086}.Release|Any CPU.Build.0 = Release|Any CPU
	EndGlobalSection
EndGlobal
