
Microsoft Visual Studio Solution File, Format Version 12.00
# Visual Studio 15
VisualStudioVersion = 15.0.26124.0
MinimumVisualStudioVersion = 15.0.26124.0
Project("{FAE04EC0-301F-11D3-BF4B-00C04F79EFBC}") = "00", "00\00.csproj", "{5E1F9FB2-6007-43A0-8453-1143296EDBED}"
EndProject
Project("{FAE04EC0-301F-11D3-BF4B-00C04F79EFBC}") = "00.Tests", "00.Tests\00.Tests.csproj", "{1A31DC93-C174-4BB6-8113-BAB4B8E3FAB5}"
EndProject
Project("{FAE04EC0-301F-11D3-BF4B-00C04F79EFBC}") = "aoc-2019", "aoc-2019\aoc-2019.csproj", "{72411987-E85B-4756-8D95-B8E7D5CB4E8C}"
EndProject
Project("{FAE04EC0-301F-11D3-BF4B-00C04F79EFBC}") = "01", "01\01.csproj", "{6C4B53B2-4F95-44FC-AC28-DB40D37BDD73}"
EndProject
Project("{FAE04EC0-301F-11D3-BF4B-00C04F79EFBC}") = "01.Tests", "01.Tests\01.Tests.csproj", "{4F1E30EE-C2B2-45F2-A8A3-123AE78106DB}"
EndProject
Project("{FAE04EC0-301F-11D3-BF4B-00C04F79EFBC}") = "02", "02\02.csproj", "{5BCC451B-A4FD-44A1-BC3C-21418E9080C8}"
EndProject
Project("{FAE04EC0-301F-11D3-BF4B-00C04F79EFBC}") = "02.Tests", "02.Tests\02.Tests.csproj", "{96F4FDB0-EA1B-4628-952C-E4E859F7E57C}"
EndProject
Project("{FAE04EC0-301F-11D3-BF4B-00C04F79EFBC}") = "03", "03\03.csproj", "{458D13D1-D3A2-4507-8973-6E0C17BB0AA6}"
EndProject
Project("{FAE04EC0-301F-11D3-BF4B-00C04F79EFBC}") = "03.Tests", "03.Tests\03.Tests.csproj", "{B4571463-92E3-4B69-8BBE-023F47F3B1AE}"
EndProject
Project("{FAE04EC0-301F-11D3-BF4B-00C04F79EFBC}") = "04", "04\04.csproj", "{A4F9F418-425E-4197-A83A-7225E1BCDDD0}"
EndProject
Project("{FAE04EC0-301F-11D3-BF4B-00C04F79EFBC}") = "04.Tests", "04.Tests\04.Tests.csproj", "{601BD548-E975-473C-B61C-30922A7CACD5}"
EndProject
Project("{FAE04EC0-301F-11D3-BF4B-00C04F79EFBC}") = "05", "05\05.csproj", "{D088A55F-C9A7-4F48-8301-DA85903EEF31}"
EndProject
Project("{FAE04EC0-301F-11D3-BF4B-00C04F79EFBC}") = "05.Tests", "05.Tests\05.Tests.csproj", "{859D9417-5F4B-4CB3-A304-576D3F93E859}"
EndProject
Project("{FAE04EC0-301F-11D3-BF4B-00C04F79EFBC}") = "06", "06\06.csproj", "{8212B172-B259-4665-95EF-6971535E503A}"
EndProject
Project("{FAE04EC0-301F-11D3-BF4B-00C04F79EFBC}") = "06.Tests", "06.Tests\06.Tests.csproj", "{B78386AC-F9A2-4C01-B315-ACA8A7AC033E}"
EndProject
Project("{FAE04EC0-301F-11D3-BF4B-00C04F79EFBC}") = "07", "07\07.csproj", "{0B79629A-E10F-4863-8005-8B8E738B804F}"
EndProject
Project("{FAE04EC0-301F-11D3-BF4B-00C04F79EFBC}") = "07.Tests", "07.Tests\07.Tests.csproj", "{8488BEBE-6319-466A-9668-5705F95AA1F4}"
EndProject
Project("{FAE04EC0-301F-11D3-BF4B-00C04F79EFBC}") = "08", "08\08.csproj", "{31C69E81-525B-4F7D-B472-6441BA779EED}"
EndProject
Project("{FAE04EC0-301F-11D3-BF4B-00C04F79EFBC}") = "08.Tests", "08.Tests\08.Tests.csproj", "{DE1E5E2E-6C3E-4C26-9EEE-2299C88ABA73}"
EndProject
Project("{FAE04EC0-301F-11D3-BF4B-00C04F79EFBC}") = "09", "09\09.csproj", "{77BD6F8A-92D5-4A02-81F3-D6FFD3126188}"
EndProject
Project("{FAE04EC0-301F-11D3-BF4B-00C04F79EFBC}") = "09.Tests", "09.Tests\09.Tests.csproj", "{1CEFEF9D-1F96-4FCB-87AB-DFB41407F1C7}"
EndProject
Project("{FAE04EC0-301F-11D3-BF4B-00C04F79EFBC}") = "10", "10\10.csproj", "{B5FA3654-980B-41D8-8D05-2107E2E05488}"
EndProject
Project("{FAE04EC0-301F-11D3-BF4B-00C04F79EFBC}") = "10.Tests", "10.Tests\10.Tests.csproj", "{9E8D335D-5537-4FCE-9660-AAB15E31D7FD}"
EndProject
Project("{FAE04EC0-301F-11D3-BF4B-00C04F79EFBC}") = "11", "11\11.csproj", "{976825CB-CF35-4A30-8F38-02DB5F60B55F}"
EndProject
Project("{FAE04EC0-301F-11D3-BF4B-00C04F79EFBC}") = "11.Tests", "11.Tests\11.Tests.csproj", "{DD93ED34-8263-40AA-AE01-C9E6243A1555}"
EndProject
Project("{FAE04EC0-301F-11D3-BF4B-00C04F79EFBC}") = "12", "12\12.csproj", "{17296CD2-4F15-46E7-AA16-214A62558BB0}"
EndProject
Project("{FAE04EC0-301F-11D3-BF4B-00C04F79EFBC}") = "12.Tests", "12.Tests\12.Tests.csproj", "{A3F32BE7-8B44-4EAD-A1E2-83AA818AABE8}"
EndProject
Project("{FAE04EC0-301F-11D3-BF4B-00C04F79EFBC}") = "13", "13\13.csproj", "{6F686A55-D983-4C6D-9954-9583D52161C7}"
EndProject
Project("{FAE04EC0-301F-11D3-BF4B-00C04F79EFBC}") = "13.Tests", "13.Tests\13.Tests.csproj", "{A7817369-3FFA-4CE7-BB3F-14E444764BB6}"
EndProject
Project("{FAE04EC0-301F-11D3-BF4B-00C04F79EFBC}") = "14", "14\14.csproj", "{7E813E8F-C504-4AD0-A76C-2AD2A59BB7B4}"
EndProject
Project("{FAE04EC0-301F-11D3-BF4B-00C04F79EFBC}") = "14.Tests", "14.Tests\14.Tests.csproj", "{5482A180-E0C9-44F7-A55C-51B12DD24D2D}"
EndProject
Global
	GlobalSection(SolutionConfigurationPlatforms) = preSolution
		Debug|Any CPU = Debug|Any CPU
		Debug|x64 = Debug|x64
		Debug|x86 = Debug|x86
		Release|Any CPU = Release|Any CPU
		Release|x64 = Release|x64
		Release|x86 = Release|x86
	EndGlobalSection
	GlobalSection(SolutionProperties) = preSolution
		HideSolutionNode = FALSE
	EndGlobalSection
	GlobalSection(ProjectConfigurationPlatforms) = postSolution
		{5E1F9FB2-6007-43A0-8453-1143296EDBED}.Debug|Any CPU.ActiveCfg = Debug|Any CPU
		{5E1F9FB2-6007-43A0-8453-1143296EDBED}.Debug|Any CPU.Build.0 = Debug|Any CPU
		{5E1F9FB2-6007-43A0-8453-1143296EDBED}.Debug|x64.ActiveCfg = Debug|Any CPU
		{5E1F9FB2-6007-43A0-8453-1143296EDBED}.Debug|x64.Build.0 = Debug|Any CPU
		{5E1F9FB2-6007-43A0-8453-1143296EDBED}.Debug|x86.ActiveCfg = Debug|Any CPU
		{5E1F9FB2-6007-43A0-8453-1143296EDBED}.Debug|x86.Build.0 = Debug|Any CPU
		{5E1F9FB2-6007-43A0-8453-1143296EDBED}.Release|Any CPU.ActiveCfg = Release|Any CPU
		{5E1F9FB2-6007-43A0-8453-1143296EDBED}.Release|Any CPU.Build.0 = Release|Any CPU
		{5E1F9FB2-6007-43A0-8453-1143296EDBED}.Release|x64.ActiveCfg = Release|Any CPU
		{5E1F9FB2-6007-43A0-8453-1143296EDBED}.Release|x64.Build.0 = Release|Any CPU
		{5E1F9FB2-6007-43A0-8453-1143296EDBED}.Release|x86.ActiveCfg = Release|Any CPU
		{5E1F9FB2-6007-43A0-8453-1143296EDBED}.Release|x86.Build.0 = Release|Any CPU
		{1A31DC93-C174-4BB6-8113-BAB4B8E3FAB5}.Debug|Any CPU.ActiveCfg = Debug|Any CPU
		{1A31DC93-C174-4BB6-8113-BAB4B8E3FAB5}.Debug|Any CPU.Build.0 = Debug|Any CPU
		{1A31DC93-C174-4BB6-8113-BAB4B8E3FAB5}.Debug|x64.ActiveCfg = Debug|Any CPU
		{1A31DC93-C174-4BB6-8113-BAB4B8E3FAB5}.Debug|x64.Build.0 = Debug|Any CPU
		{1A31DC93-C174-4BB6-8113-BAB4B8E3FAB5}.Debug|x86.ActiveCfg = Debug|Any CPU
		{1A31DC93-C174-4BB6-8113-BAB4B8E3FAB5}.Debug|x86.Build.0 = Debug|Any CPU
		{1A31DC93-C174-4BB6-8113-BAB4B8E3FAB5}.Release|Any CPU.ActiveCfg = Release|Any CPU
		{1A31DC93-C174-4BB6-8113-BAB4B8E3FAB5}.Release|Any CPU.Build.0 = Release|Any CPU
		{1A31DC93-C174-4BB6-8113-BAB4B8E3FAB5}.Release|x64.ActiveCfg = Release|Any CPU
		{1A31DC93-C174-4BB6-8113-BAB4B8E3FAB5}.Release|x64.Build.0 = Release|Any CPU
		{1A31DC93-C174-4BB6-8113-BAB4B8E3FAB5}.Release|x86.ActiveCfg = Release|Any CPU
		{1A31DC93-C174-4BB6-8113-BAB4B8E3FAB5}.Release|x86.Build.0 = Release|Any CPU
		{72411987-E85B-4756-8D95-B8E7D5CB4E8C}.Debug|Any CPU.ActiveCfg = Debug|Any CPU
		{72411987-E85B-4756-8D95-B8E7D5CB4E8C}.Debug|Any CPU.Build.0 = Debug|Any CPU
		{72411987-E85B-4756-8D95-B8E7D5CB4E8C}.Debug|x64.ActiveCfg = Debug|Any CPU
		{72411987-E85B-4756-8D95-B8E7D5CB4E8C}.Debug|x64.Build.0 = Debug|Any CPU
		{72411987-E85B-4756-8D95-B8E7D5CB4E8C}.Debug|x86.ActiveCfg = Debug|Any CPU
		{72411987-E85B-4756-8D95-B8E7D5CB4E8C}.Debug|x86.Build.0 = Debug|Any CPU
		{72411987-E85B-4756-8D95-B8E7D5CB4E8C}.Release|Any CPU.ActiveCfg = Release|Any CPU
		{72411987-E85B-4756-8D95-B8E7D5CB4E8C}.Release|Any CPU.Build.0 = Release|Any CPU
		{72411987-E85B-4756-8D95-B8E7D5CB4E8C}.Release|x64.ActiveCfg = Release|Any CPU
		{72411987-E85B-4756-8D95-B8E7D5CB4E8C}.Release|x64.Build.0 = Release|Any CPU
		{72411987-E85B-4756-8D95-B8E7D5CB4E8C}.Release|x86.ActiveCfg = Release|Any CPU
		{72411987-E85B-4756-8D95-B8E7D5CB4E8C}.Release|x86.Build.0 = Release|Any CPU
		{6C4B53B2-4F95-44FC-AC28-DB40D37BDD73}.Debug|Any CPU.ActiveCfg = Debug|Any CPU
		{6C4B53B2-4F95-44FC-AC28-DB40D37BDD73}.Debug|Any CPU.Build.0 = Debug|Any CPU
		{6C4B53B2-4F95-44FC-AC28-DB40D37BDD73}.Debug|x64.ActiveCfg = Debug|Any CPU
		{6C4B53B2-4F95-44FC-AC28-DB40D37BDD73}.Debug|x64.Build.0 = Debug|Any CPU
		{6C4B53B2-4F95-44FC-AC28-DB40D37BDD73}.Debug|x86.ActiveCfg = Debug|Any CPU
		{6C4B53B2-4F95-44FC-AC28-DB40D37BDD73}.Debug|x86.Build.0 = Debug|Any CPU
		{6C4B53B2-4F95-44FC-AC28-DB40D37BDD73}.Release|Any CPU.ActiveCfg = Release|Any CPU
		{6C4B53B2-4F95-44FC-AC28-DB40D37BDD73}.Release|Any CPU.Build.0 = Release|Any CPU
		{6C4B53B2-4F95-44FC-AC28-DB40D37BDD73}.Release|x64.ActiveCfg = Release|Any CPU
		{6C4B53B2-4F95-44FC-AC28-DB40D37BDD73}.Release|x64.Build.0 = Release|Any CPU
		{6C4B53B2-4F95-44FC-AC28-DB40D37BDD73}.Release|x86.ActiveCfg = Release|Any CPU
		{6C4B53B2-4F95-44FC-AC28-DB40D37BDD73}.Release|x86.Build.0 = Release|Any CPU
		{4F1E30EE-C2B2-45F2-A8A3-123AE78106DB}.Debug|Any CPU.ActiveCfg = Debug|Any CPU
		{4F1E30EE-C2B2-45F2-A8A3-123AE78106DB}.Debug|Any CPU.Build.0 = Debug|Any CPU
		{4F1E30EE-C2B2-45F2-A8A3-123AE78106DB}.Debug|x64.ActiveCfg = Debug|Any CPU
		{4F1E30EE-C2B2-45F2-A8A3-123AE78106DB}.Debug|x64.Build.0 = Debug|Any CPU
		{4F1E30EE-C2B2-45F2-A8A3-123AE78106DB}.Debug|x86.ActiveCfg = Debug|Any CPU
		{4F1E30EE-C2B2-45F2-A8A3-123AE78106DB}.Debug|x86.Build.0 = Debug|Any CPU
		{4F1E30EE-C2B2-45F2-A8A3-123AE78106DB}.Release|Any CPU.ActiveCfg = Release|Any CPU
		{4F1E30EE-C2B2-45F2-A8A3-123AE78106DB}.Release|Any CPU.Build.0 = Release|Any CPU
		{4F1E30EE-C2B2-45F2-A8A3-123AE78106DB}.Release|x64.ActiveCfg = Release|Any CPU
		{4F1E30EE-C2B2-45F2-A8A3-123AE78106DB}.Release|x64.Build.0 = Release|Any CPU
		{4F1E30EE-C2B2-45F2-A8A3-123AE78106DB}.Release|x86.ActiveCfg = Release|Any CPU
		{4F1E30EE-C2B2-45F2-A8A3-123AE78106DB}.Release|x86.Build.0 = Release|Any CPU
		{5BCC451B-A4FD-44A1-BC3C-21418E9080C8}.Debug|Any CPU.ActiveCfg = Debug|Any CPU
		{5BCC451B-A4FD-44A1-BC3C-21418E9080C8}.Debug|Any CPU.Build.0 = Debug|Any CPU
		{5BCC451B-A4FD-44A1-BC3C-21418E9080C8}.Debug|x64.ActiveCfg = Debug|Any CPU
		{5BCC451B-A4FD-44A1-BC3C-21418E9080C8}.Debug|x64.Build.0 = Debug|Any CPU
		{5BCC451B-A4FD-44A1-BC3C-21418E9080C8}.Debug|x86.ActiveCfg = Debug|Any CPU
		{5BCC451B-A4FD-44A1-BC3C-21418E9080C8}.Debug|x86.Build.0 = Debug|Any CPU
		{5BCC451B-A4FD-44A1-BC3C-21418E9080C8}.Release|Any CPU.ActiveCfg = Release|Any CPU
		{5BCC451B-A4FD-44A1-BC3C-21418E9080C8}.Release|Any CPU.Build.0 = Release|Any CPU
		{5BCC451B-A4FD-44A1-BC3C-21418E9080C8}.Release|x64.ActiveCfg = Release|Any CPU
		{5BCC451B-A4FD-44A1-BC3C-21418E9080C8}.Release|x64.Build.0 = Release|Any CPU
		{5BCC451B-A4FD-44A1-BC3C-21418E9080C8}.Release|x86.ActiveCfg = Release|Any CPU
		{5BCC451B-A4FD-44A1-BC3C-21418E9080C8}.Release|x86.Build.0 = Release|Any CPU
		{96F4FDB0-EA1B-4628-952C-E4E859F7E57C}.Debug|Any CPU.ActiveCfg = Debug|Any CPU
		{96F4FDB0-EA1B-4628-952C-E4E859F7E57C}.Debug|Any CPU.Build.0 = Debug|Any CPU
		{96F4FDB0-EA1B-4628-952C-E4E859F7E57C}.Debug|x64.ActiveCfg = Debug|Any CPU
		{96F4FDB0-EA1B-4628-952C-E4E859F7E57C}.Debug|x64.Build.0 = Debug|Any CPU
		{96F4FDB0-EA1B-4628-952C-E4E859F7E57C}.Debug|x86.ActiveCfg = Debug|Any CPU
		{96F4FDB0-EA1B-4628-952C-E4E859F7E57C}.Debug|x86.Build.0 = Debug|Any CPU
		{96F4FDB0-EA1B-4628-952C-E4E859F7E57C}.Release|Any CPU.ActiveCfg = Release|Any CPU
		{96F4FDB0-EA1B-4628-952C-E4E859F7E57C}.Release|Any CPU.Build.0 = Release|Any CPU
		{96F4FDB0-EA1B-4628-952C-E4E859F7E57C}.Release|x64.ActiveCfg = Release|Any CPU
		{96F4FDB0-EA1B-4628-952C-E4E859F7E57C}.Release|x64.Build.0 = Release|Any CPU
		{96F4FDB0-EA1B-4628-952C-E4E859F7E57C}.Release|x86.ActiveCfg = Release|Any CPU
		{96F4FDB0-EA1B-4628-952C-E4E859F7E57C}.Release|x86.Build.0 = Release|Any CPU
		{458D13D1-D3A2-4507-8973-6E0C17BB0AA6}.Debug|Any CPU.ActiveCfg = Debug|Any CPU
		{458D13D1-D3A2-4507-8973-6E0C17BB0AA6}.Debug|Any CPU.Build.0 = Debug|Any CPU
		{458D13D1-D3A2-4507-8973-6E0C17BB0AA6}.Debug|x64.ActiveCfg = Debug|Any CPU
		{458D13D1-D3A2-4507-8973-6E0C17BB0AA6}.Debug|x64.Build.0 = Debug|Any CPU
		{458D13D1-D3A2-4507-8973-6E0C17BB0AA6}.Debug|x86.ActiveCfg = Debug|Any CPU
		{458D13D1-D3A2-4507-8973-6E0C17BB0AA6}.Debug|x86.Build.0 = Debug|Any CPU
		{458D13D1-D3A2-4507-8973-6E0C17BB0AA6}.Release|Any CPU.ActiveCfg = Release|Any CPU
		{458D13D1-D3A2-4507-8973-6E0C17BB0AA6}.Release|Any CPU.Build.0 = Release|Any CPU
		{458D13D1-D3A2-4507-8973-6E0C17BB0AA6}.Release|x64.ActiveCfg = Release|Any CPU
		{458D13D1-D3A2-4507-8973-6E0C17BB0AA6}.Release|x64.Build.0 = Release|Any CPU
		{458D13D1-D3A2-4507-8973-6E0C17BB0AA6}.Release|x86.ActiveCfg = Release|Any CPU
		{458D13D1-D3A2-4507-8973-6E0C17BB0AA6}.Release|x86.Build.0 = Release|Any CPU
		{B4571463-92E3-4B69-8BBE-023F47F3B1AE}.Debug|Any CPU.ActiveCfg = Debug|Any CPU
		{B4571463-92E3-4B69-8BBE-023F47F3B1AE}.Debug|Any CPU.Build.0 = Debug|Any CPU
		{B4571463-92E3-4B69-8BBE-023F47F3B1AE}.Debug|x64.ActiveCfg = Debug|Any CPU
		{B4571463-92E3-4B69-8BBE-023F47F3B1AE}.Debug|x64.Build.0 = Debug|Any CPU
		{B4571463-92E3-4B69-8BBE-023F47F3B1AE}.Debug|x86.ActiveCfg = Debug|Any CPU
		{B4571463-92E3-4B69-8BBE-023F47F3B1AE}.Debug|x86.Build.0 = Debug|Any CPU
		{B4571463-92E3-4B69-8BBE-023F47F3B1AE}.Release|Any CPU.ActiveCfg = Release|Any CPU
		{B4571463-92E3-4B69-8BBE-023F47F3B1AE}.Release|Any CPU.Build.0 = Release|Any CPU
		{B4571463-92E3-4B69-8BBE-023F47F3B1AE}.Release|x64.ActiveCfg = Release|Any CPU
		{B4571463-92E3-4B69-8BBE-023F47F3B1AE}.Release|x64.Build.0 = Release|Any CPU
		{B4571463-92E3-4B69-8BBE-023F47F3B1AE}.Release|x86.ActiveCfg = Release|Any CPU
		{B4571463-92E3-4B69-8BBE-023F47F3B1AE}.Release|x86.Build.0 = Release|Any CPU
		{A4F9F418-425E-4197-A83A-7225E1BCDDD0}.Debug|Any CPU.ActiveCfg = Debug|Any CPU
		{A4F9F418-425E-4197-A83A-7225E1BCDDD0}.Debug|Any CPU.Build.0 = Debug|Any CPU
		{A4F9F418-425E-4197-A83A-7225E1BCDDD0}.Debug|x64.ActiveCfg = Debug|Any CPU
		{A4F9F418-425E-4197-A83A-7225E1BCDDD0}.Debug|x64.Build.0 = Debug|Any CPU
		{A4F9F418-425E-4197-A83A-7225E1BCDDD0}.Debug|x86.ActiveCfg = Debug|Any CPU
		{A4F9F418-425E-4197-A83A-7225E1BCDDD0}.Debug|x86.Build.0 = Debug|Any CPU
		{A4F9F418-425E-4197-A83A-7225E1BCDDD0}.Release|Any CPU.ActiveCfg = Release|Any CPU
		{A4F9F418-425E-4197-A83A-7225E1BCDDD0}.Release|Any CPU.Build.0 = Release|Any CPU
		{A4F9F418-425E-4197-A83A-7225E1BCDDD0}.Release|x64.ActiveCfg = Release|Any CPU
		{A4F9F418-425E-4197-A83A-7225E1BCDDD0}.Release|x64.Build.0 = Release|Any CPU
		{A4F9F418-425E-4197-A83A-7225E1BCDDD0}.Release|x86.ActiveCfg = Release|Any CPU
		{A4F9F418-425E-4197-A83A-7225E1BCDDD0}.Release|x86.Build.0 = Release|Any CPU
		{601BD548-E975-473C-B61C-30922A7CACD5}.Debug|Any CPU.ActiveCfg = Debug|Any CPU
		{601BD548-E975-473C-B61C-30922A7CACD5}.Debug|Any CPU.Build.0 = Debug|Any CPU
		{601BD548-E975-473C-B61C-30922A7CACD5}.Debug|x64.ActiveCfg = Debug|Any CPU
		{601BD548-E975-473C-B61C-30922A7CACD5}.Debug|x64.Build.0 = Debug|Any CPU
		{601BD548-E975-473C-B61C-30922A7CACD5}.Debug|x86.ActiveCfg = Debug|Any CPU
		{601BD548-E975-473C-B61C-30922A7CACD5}.Debug|x86.Build.0 = Debug|Any CPU
		{601BD548-E975-473C-B61C-30922A7CACD5}.Release|Any CPU.ActiveCfg = Release|Any CPU
		{601BD548-E975-473C-B61C-30922A7CACD5}.Release|Any CPU.Build.0 = Release|Any CPU
		{601BD548-E975-473C-B61C-30922A7CACD5}.Release|x64.ActiveCfg = Release|Any CPU
		{601BD548-E975-473C-B61C-30922A7CACD5}.Release|x64.Build.0 = Release|Any CPU
		{601BD548-E975-473C-B61C-30922A7CACD5}.Release|x86.ActiveCfg = Release|Any CPU
		{601BD548-E975-473C-B61C-30922A7CACD5}.Release|x86.Build.0 = Release|Any CPU
		{D088A55F-C9A7-4F48-8301-DA85903EEF31}.Debug|Any CPU.ActiveCfg = Debug|Any CPU
		{D088A55F-C9A7-4F48-8301-DA85903EEF31}.Debug|Any CPU.Build.0 = Debug|Any CPU
		{D088A55F-C9A7-4F48-8301-DA85903EEF31}.Debug|x64.ActiveCfg = Debug|Any CPU
		{D088A55F-C9A7-4F48-8301-DA85903EEF31}.Debug|x64.Build.0 = Debug|Any CPU
		{D088A55F-C9A7-4F48-8301-DA85903EEF31}.Debug|x86.ActiveCfg = Debug|Any CPU
		{D088A55F-C9A7-4F48-8301-DA85903EEF31}.Debug|x86.Build.0 = Debug|Any CPU
		{D088A55F-C9A7-4F48-8301-DA85903EEF31}.Release|Any CPU.ActiveCfg = Release|Any CPU
		{D088A55F-C9A7-4F48-8301-DA85903EEF31}.Release|Any CPU.Build.0 = Release|Any CPU
		{D088A55F-C9A7-4F48-8301-DA85903EEF31}.Release|x64.ActiveCfg = Release|Any CPU
		{D088A55F-C9A7-4F48-8301-DA85903EEF31}.Release|x64.Build.0 = Release|Any CPU
		{D088A55F-C9A7-4F48-8301-DA85903EEF31}.Release|x86.ActiveCfg = Release|Any CPU
		{D088A55F-C9A7-4F48-8301-DA85903EEF31}.Release|x86.Build.0 = Release|Any CPU
		{859D9417-5F4B-4CB3-A304-576D3F93E859}.Debug|Any CPU.ActiveCfg = Debug|Any CPU
		{859D9417-5F4B-4CB3-A304-576D3F93E859}.Debug|Any CPU.Build.0 = Debug|Any CPU
		{859D9417-5F4B-4CB3-A304-576D3F93E859}.Debug|x64.ActiveCfg = Debug|Any CPU
		{859D9417-5F4B-4CB3-A304-576D3F93E859}.Debug|x64.Build.0 = Debug|Any CPU
		{859D9417-5F4B-4CB3-A304-576D3F93E859}.Debug|x86.ActiveCfg = Debug|Any CPU
		{859D9417-5F4B-4CB3-A304-576D3F93E859}.Debug|x86.Build.0 = Debug|Any CPU
		{859D9417-5F4B-4CB3-A304-576D3F93E859}.Release|Any CPU.ActiveCfg = Release|Any CPU
		{859D9417-5F4B-4CB3-A304-576D3F93E859}.Release|Any CPU.Build.0 = Release|Any CPU
		{859D9417-5F4B-4CB3-A304-576D3F93E859}.Release|x64.ActiveCfg = Release|Any CPU
		{859D9417-5F4B-4CB3-A304-576D3F93E859}.Release|x64.Build.0 = Release|Any CPU
		{859D9417-5F4B-4CB3-A304-576D3F93E859}.Release|x86.ActiveCfg = Release|Any CPU
		{859D9417-5F4B-4CB3-A304-576D3F93E859}.Release|x86.Build.0 = Release|Any CPU
		{8212B172-B259-4665-95EF-6971535E503A}.Debug|Any CPU.ActiveCfg = Debug|Any CPU
		{8212B172-B259-4665-95EF-6971535E503A}.Debug|Any CPU.Build.0 = Debug|Any CPU
		{8212B172-B259-4665-95EF-6971535E503A}.Debug|x64.ActiveCfg = Debug|Any CPU
		{8212B172-B259-4665-95EF-6971535E503A}.Debug|x64.Build.0 = Debug|Any CPU
		{8212B172-B259-4665-95EF-6971535E503A}.Debug|x86.ActiveCfg = Debug|Any CPU
		{8212B172-B259-4665-95EF-6971535E503A}.Debug|x86.Build.0 = Debug|Any CPU
		{8212B172-B259-4665-95EF-6971535E503A}.Release|Any CPU.ActiveCfg = Release|Any CPU
		{8212B172-B259-4665-95EF-6971535E503A}.Release|Any CPU.Build.0 = Release|Any CPU
		{8212B172-B259-4665-95EF-6971535E503A}.Release|x64.ActiveCfg = Release|Any CPU
		{8212B172-B259-4665-95EF-6971535E503A}.Release|x64.Build.0 = Release|Any CPU
		{8212B172-B259-4665-95EF-6971535E503A}.Release|x86.ActiveCfg = Release|Any CPU
		{8212B172-B259-4665-95EF-6971535E503A}.Release|x86.Build.0 = Release|Any CPU
		{B78386AC-F9A2-4C01-B315-ACA8A7AC033E}.Debug|Any CPU.ActiveCfg = Debug|Any CPU
		{B78386AC-F9A2-4C01-B315-ACA8A7AC033E}.Debug|Any CPU.Build.0 = Debug|Any CPU
		{B78386AC-F9A2-4C01-B315-ACA8A7AC033E}.Debug|x64.ActiveCfg = Debug|Any CPU
		{B78386AC-F9A2-4C01-B315-ACA8A7AC033E}.Debug|x64.Build.0 = Debug|Any CPU
		{B78386AC-F9A2-4C01-B315-ACA8A7AC033E}.Debug|x86.ActiveCfg = Debug|Any CPU
		{B78386AC-F9A2-4C01-B315-ACA8A7AC033E}.Debug|x86.Build.0 = Debug|Any CPU
		{B78386AC-F9A2-4C01-B315-ACA8A7AC033E}.Release|Any CPU.ActiveCfg = Release|Any CPU
		{B78386AC-F9A2-4C01-B315-ACA8A7AC033E}.Release|Any CPU.Build.0 = Release|Any CPU
		{B78386AC-F9A2-4C01-B315-ACA8A7AC033E}.Release|x64.ActiveCfg = Release|Any CPU
		{B78386AC-F9A2-4C01-B315-ACA8A7AC033E}.Release|x64.Build.0 = Release|Any CPU
		{B78386AC-F9A2-4C01-B315-ACA8A7AC033E}.Release|x86.ActiveCfg = Release|Any CPU
		{B78386AC-F9A2-4C01-B315-ACA8A7AC033E}.Release|x86.Build.0 = Release|Any CPU
		{0B79629A-E10F-4863-8005-8B8E738B804F}.Debug|Any CPU.ActiveCfg = Debug|Any CPU
		{0B79629A-E10F-4863-8005-8B8E738B804F}.Debug|Any CPU.Build.0 = Debug|Any CPU
		{0B79629A-E10F-4863-8005-8B8E738B804F}.Debug|x64.ActiveCfg = Debug|Any CPU
		{0B79629A-E10F-4863-8005-8B8E738B804F}.Debug|x64.Build.0 = Debug|Any CPU
		{0B79629A-E10F-4863-8005-8B8E738B804F}.Debug|x86.ActiveCfg = Debug|Any CPU
		{0B79629A-E10F-4863-8005-8B8E738B804F}.Debug|x86.Build.0 = Debug|Any CPU
		{0B79629A-E10F-4863-8005-8B8E738B804F}.Release|Any CPU.ActiveCfg = Release|Any CPU
		{0B79629A-E10F-4863-8005-8B8E738B804F}.Release|Any CPU.Build.0 = Release|Any CPU
		{0B79629A-E10F-4863-8005-8B8E738B804F}.Release|x64.ActiveCfg = Release|Any CPU
		{0B79629A-E10F-4863-8005-8B8E738B804F}.Release|x64.Build.0 = Release|Any CPU
		{0B79629A-E10F-4863-8005-8B8E738B804F}.Release|x86.ActiveCfg = Release|Any CPU
		{0B79629A-E10F-4863-8005-8B8E738B804F}.Release|x86.Build.0 = Release|Any CPU
		{8488BEBE-6319-466A-9668-5705F95AA1F4}.Debug|Any CPU.ActiveCfg = Debug|Any CPU
		{8488BEBE-6319-466A-9668-5705F95AA1F4}.Debug|Any CPU.Build.0 = Debug|Any CPU
		{8488BEBE-6319-466A-9668-5705F95AA1F4}.Debug|x64.ActiveCfg = Debug|Any CPU
		{8488BEBE-6319-466A-9668-5705F95AA1F4}.Debug|x64.Build.0 = Debug|Any CPU
		{8488BEBE-6319-466A-9668-5705F95AA1F4}.Debug|x86.ActiveCfg = Debug|Any CPU
		{8488BEBE-6319-466A-9668-5705F95AA1F4}.Debug|x86.Build.0 = Debug|Any CPU
		{8488BEBE-6319-466A-9668-5705F95AA1F4}.Release|Any CPU.ActiveCfg = Release|Any CPU
		{8488BEBE-6319-466A-9668-5705F95AA1F4}.Release|Any CPU.Build.0 = Release|Any CPU
		{8488BEBE-6319-466A-9668-5705F95AA1F4}.Release|x64.ActiveCfg = Release|Any CPU
		{8488BEBE-6319-466A-9668-5705F95AA1F4}.Release|x64.Build.0 = Release|Any CPU
		{8488BEBE-6319-466A-9668-5705F95AA1F4}.Release|x86.ActiveCfg = Release|Any CPU
		{8488BEBE-6319-466A-9668-5705F95AA1F4}.Release|x86.Build.0 = Release|Any CPU
		{31C69E81-525B-4F7D-B472-6441BA779EED}.Debug|Any CPU.ActiveCfg = Debug|Any CPU
		{31C69E81-525B-4F7D-B472-6441BA779EED}.Debug|Any CPU.Build.0 = Debug|Any CPU
		{31C69E81-525B-4F7D-B472-6441BA779EED}.Debug|x64.ActiveCfg = Debug|Any CPU
		{31C69E81-525B-4F7D-B472-6441BA779EED}.Debug|x64.Build.0 = Debug|Any CPU
		{31C69E81-525B-4F7D-B472-6441BA779EED}.Debug|x86.ActiveCfg = Debug|Any CPU
		{31C69E81-525B-4F7D-B472-6441BA779EED}.Debug|x86.Build.0 = Debug|Any CPU
		{31C69E81-525B-4F7D-B472-6441BA779EED}.Release|Any CPU.ActiveCfg = Release|Any CPU
		{31C69E81-525B-4F7D-B472-6441BA779EED}.Release|Any CPU.Build.0 = Release|Any CPU
		{31C69E81-525B-4F7D-B472-6441BA779EED}.Release|x64.ActiveCfg = Release|Any CPU
		{31C69E81-525B-4F7D-B472-6441BA779EED}.Release|x64.Build.0 = Release|Any CPU
		{31C69E81-525B-4F7D-B472-6441BA779EED}.Release|x86.ActiveCfg = Release|Any CPU
		{31C69E81-525B-4F7D-B472-6441BA779EED}.Release|x86.Build.0 = Release|Any CPU
		{DE1E5E2E-6C3E-4C26-9EEE-2299C88ABA73}.Debug|Any CPU.ActiveCfg = Debug|Any CPU
		{DE1E5E2E-6C3E-4C26-9EEE-2299C88ABA73}.Debug|Any CPU.Build.0 = Debug|Any CPU
		{DE1E5E2E-6C3E-4C26-9EEE-2299C88ABA73}.Debug|x64.ActiveCfg = Debug|Any CPU
		{DE1E5E2E-6C3E-4C26-9EEE-2299C88ABA73}.Debug|x64.Build.0 = Debug|Any CPU
		{DE1E5E2E-6C3E-4C26-9EEE-2299C88ABA73}.Debug|x86.ActiveCfg = Debug|Any CPU
		{DE1E5E2E-6C3E-4C26-9EEE-2299C88ABA73}.Debug|x86.Build.0 = Debug|Any CPU
		{DE1E5E2E-6C3E-4C26-9EEE-2299C88ABA73}.Release|Any CPU.ActiveCfg = Release|Any CPU
		{DE1E5E2E-6C3E-4C26-9EEE-2299C88ABA73}.Release|Any CPU.Build.0 = Release|Any CPU
		{DE1E5E2E-6C3E-4C26-9EEE-2299C88ABA73}.Release|x64.ActiveCfg = Release|Any CPU
		{DE1E5E2E-6C3E-4C26-9EEE-2299C88ABA73}.Release|x64.Build.0 = Release|Any CPU
		{DE1E5E2E-6C3E-4C26-9EEE-2299C88ABA73}.Release|x86.ActiveCfg = Release|Any CPU
		{DE1E5E2E-6C3E-4C26-9EEE-2299C88ABA73}.Release|x86.Build.0 = Release|Any CPU
		{77BD6F8A-92D5-4A02-81F3-D6FFD3126188}.Debug|Any CPU.ActiveCfg = Debug|Any CPU
		{77BD6F8A-92D5-4A02-81F3-D6FFD3126188}.Debug|Any CPU.Build.0 = Debug|Any CPU
		{77BD6F8A-92D5-4A02-81F3-D6FFD3126188}.Debug|x64.ActiveCfg = Debug|Any CPU
		{77BD6F8A-92D5-4A02-81F3-D6FFD3126188}.Debug|x64.Build.0 = Debug|Any CPU
		{77BD6F8A-92D5-4A02-81F3-D6FFD3126188}.Debug|x86.ActiveCfg = Debug|Any CPU
		{77BD6F8A-92D5-4A02-81F3-D6FFD3126188}.Debug|x86.Build.0 = Debug|Any CPU
		{77BD6F8A-92D5-4A02-81F3-D6FFD3126188}.Release|Any CPU.ActiveCfg = Release|Any CPU
		{77BD6F8A-92D5-4A02-81F3-D6FFD3126188}.Release|Any CPU.Build.0 = Release|Any CPU
		{77BD6F8A-92D5-4A02-81F3-D6FFD3126188}.Release|x64.ActiveCfg = Release|Any CPU
		{77BD6F8A-92D5-4A02-81F3-D6FFD3126188}.Release|x64.Build.0 = Release|Any CPU
		{77BD6F8A-92D5-4A02-81F3-D6FFD3126188}.Release|x86.ActiveCfg = Release|Any CPU
		{77BD6F8A-92D5-4A02-81F3-D6FFD3126188}.Release|x86.Build.0 = Release|Any CPU
		{1CEFEF9D-1F96-4FCB-87AB-DFB41407F1C7}.Debug|Any CPU.ActiveCfg = Debug|Any CPU
		{1CEFEF9D-1F96-4FCB-87AB-DFB41407F1C7}.Debug|Any CPU.Build.0 = Debug|Any CPU
		{1CEFEF9D-1F96-4FCB-87AB-DFB41407F1C7}.Debug|x64.ActiveCfg = Debug|Any CPU
		{1CEFEF9D-1F96-4FCB-87AB-DFB41407F1C7}.Debug|x64.Build.0 = Debug|Any CPU
		{1CEFEF9D-1F96-4FCB-87AB-DFB41407F1C7}.Debug|x86.ActiveCfg = Debug|Any CPU
		{1CEFEF9D-1F96-4FCB-87AB-DFB41407F1C7}.Debug|x86.Build.0 = Debug|Any CPU
		{1CEFEF9D-1F96-4FCB-87AB-DFB41407F1C7}.Release|Any CPU.ActiveCfg = Release|Any CPU
		{1CEFEF9D-1F96-4FCB-87AB-DFB41407F1C7}.Release|Any CPU.Build.0 = Release|Any CPU
		{1CEFEF9D-1F96-4FCB-87AB-DFB41407F1C7}.Release|x64.ActiveCfg = Release|Any CPU
		{1CEFEF9D-1F96-4FCB-87AB-DFB41407F1C7}.Release|x64.Build.0 = Release|Any CPU
		{1CEFEF9D-1F96-4FCB-87AB-DFB41407F1C7}.Release|x86.ActiveCfg = Release|Any CPU
		{1CEFEF9D-1F96-4FCB-87AB-DFB41407F1C7}.Release|x86.Build.0 = Release|Any CPU
		{B5FA3654-980B-41D8-8D05-2107E2E05488}.Debug|Any CPU.ActiveCfg = Debug|Any CPU
		{B5FA3654-980B-41D8-8D05-2107E2E05488}.Debug|Any CPU.Build.0 = Debug|Any CPU
		{B5FA3654-980B-41D8-8D05-2107E2E05488}.Debug|x64.ActiveCfg = Debug|Any CPU
		{B5FA3654-980B-41D8-8D05-2107E2E05488}.Debug|x64.Build.0 = Debug|Any CPU
		{B5FA3654-980B-41D8-8D05-2107E2E05488}.Debug|x86.ActiveCfg = Debug|Any CPU
		{B5FA3654-980B-41D8-8D05-2107E2E05488}.Debug|x86.Build.0 = Debug|Any CPU
		{B5FA3654-980B-41D8-8D05-2107E2E05488}.Release|Any CPU.ActiveCfg = Release|Any CPU
		{B5FA3654-980B-41D8-8D05-2107E2E05488}.Release|Any CPU.Build.0 = Release|Any CPU
		{B5FA3654-980B-41D8-8D05-2107E2E05488}.Release|x64.ActiveCfg = Release|Any CPU
		{B5FA3654-980B-41D8-8D05-2107E2E05488}.Release|x64.Build.0 = Release|Any CPU
		{B5FA3654-980B-41D8-8D05-2107E2E05488}.Release|x86.ActiveCfg = Release|Any CPU
		{B5FA3654-980B-41D8-8D05-2107E2E05488}.Release|x86.Build.0 = Release|Any CPU
		{9E8D335D-5537-4FCE-9660-AAB15E31D7FD}.Debug|Any CPU.ActiveCfg = Debug|Any CPU
		{9E8D335D-5537-4FCE-9660-AAB15E31D7FD}.Debug|Any CPU.Build.0 = Debug|Any CPU
		{9E8D335D-5537-4FCE-9660-AAB15E31D7FD}.Debug|x64.ActiveCfg = Debug|Any CPU
		{9E8D335D-5537-4FCE-9660-AAB15E31D7FD}.Debug|x64.Build.0 = Debug|Any CPU
		{9E8D335D-5537-4FCE-9660-AAB15E31D7FD}.Debug|x86.ActiveCfg = Debug|Any CPU
		{9E8D335D-5537-4FCE-9660-AAB15E31D7FD}.Debug|x86.Build.0 = Debug|Any CPU
		{9E8D335D-5537-4FCE-9660-AAB15E31D7FD}.Release|Any CPU.ActiveCfg = Release|Any CPU
		{9E8D335D-5537-4FCE-9660-AAB15E31D7FD}.Release|Any CPU.Build.0 = Release|Any CPU
		{9E8D335D-5537-4FCE-9660-AAB15E31D7FD}.Release|x64.ActiveCfg = Release|Any CPU
		{9E8D335D-5537-4FCE-9660-AAB15E31D7FD}.Release|x64.Build.0 = Release|Any CPU
		{9E8D335D-5537-4FCE-9660-AAB15E31D7FD}.Release|x86.ActiveCfg = Release|Any CPU
		{9E8D335D-5537-4FCE-9660-AAB15E31D7FD}.Release|x86.Build.0 = Release|Any CPU
		{976825CB-CF35-4A30-8F38-02DB5F60B55F}.Debug|Any CPU.ActiveCfg = Debug|Any CPU
		{976825CB-CF35-4A30-8F38-02DB5F60B55F}.Debug|Any CPU.Build.0 = Debug|Any CPU
		{976825CB-CF35-4A30-8F38-02DB5F60B55F}.Debug|x64.ActiveCfg = Debug|Any CPU
		{976825CB-CF35-4A30-8F38-02DB5F60B55F}.Debug|x64.Build.0 = Debug|Any CPU
		{976825CB-CF35-4A30-8F38-02DB5F60B55F}.Debug|x86.ActiveCfg = Debug|Any CPU
		{976825CB-CF35-4A30-8F38-02DB5F60B55F}.Debug|x86.Build.0 = Debug|Any CPU
		{976825CB-CF35-4A30-8F38-02DB5F60B55F}.Release|Any CPU.ActiveCfg = Release|Any CPU
		{976825CB-CF35-4A30-8F38-02DB5F60B55F}.Release|Any CPU.Build.0 = Release|Any CPU
		{976825CB-CF35-4A30-8F38-02DB5F60B55F}.Release|x64.ActiveCfg = Release|Any CPU
		{976825CB-CF35-4A30-8F38-02DB5F60B55F}.Release|x64.Build.0 = Release|Any CPU
		{976825CB-CF35-4A30-8F38-02DB5F60B55F}.Release|x86.ActiveCfg = Release|Any CPU
		{976825CB-CF35-4A30-8F38-02DB5F60B55F}.Release|x86.Build.0 = Release|Any CPU
		{DD93ED34-8263-40AA-AE01-C9E6243A1555}.Debug|Any CPU.ActiveCfg = Debug|Any CPU
		{DD93ED34-8263-40AA-AE01-C9E6243A1555}.Debug|Any CPU.Build.0 = Debug|Any CPU
		{DD93ED34-8263-40AA-AE01-C9E6243A1555}.Debug|x64.ActiveCfg = Debug|Any CPU
		{DD93ED34-8263-40AA-AE01-C9E6243A1555}.Debug|x64.Build.0 = Debug|Any CPU
		{DD93ED34-8263-40AA-AE01-C9E6243A1555}.Debug|x86.ActiveCfg = Debug|Any CPU
		{DD93ED34-8263-40AA-AE01-C9E6243A1555}.Debug|x86.Build.0 = Debug|Any CPU
		{DD93ED34-8263-40AA-AE01-C9E6243A1555}.Release|Any CPU.ActiveCfg = Release|Any CPU
		{DD93ED34-8263-40AA-AE01-C9E6243A1555}.Release|Any CPU.Build.0 = Release|Any CPU
		{DD93ED34-8263-40AA-AE01-C9E6243A1555}.Release|x64.ActiveCfg = Release|Any CPU
		{DD93ED34-8263-40AA-AE01-C9E6243A1555}.Release|x64.Build.0 = Release|Any CPU
		{DD93ED34-8263-40AA-AE01-C9E6243A1555}.Release|x86.ActiveCfg = Release|Any CPU
		{DD93ED34-8263-40AA-AE01-C9E6243A1555}.Release|x86.Build.0 = Release|Any CPU
		{17296CD2-4F15-46E7-AA16-214A62558BB0}.Debug|Any CPU.ActiveCfg = Debug|Any CPU
		{17296CD2-4F15-46E7-AA16-214A62558BB0}.Debug|Any CPU.Build.0 = Debug|Any CPU
		{17296CD2-4F15-46E7-AA16-214A62558BB0}.Debug|x64.ActiveCfg = Debug|Any CPU
		{17296CD2-4F15-46E7-AA16-214A62558BB0}.Debug|x64.Build.0 = Debug|Any CPU
		{17296CD2-4F15-46E7-AA16-214A62558BB0}.Debug|x86.ActiveCfg = Debug|Any CPU
		{17296CD2-4F15-46E7-AA16-214A62558BB0}.Debug|x86.Build.0 = Debug|Any CPU
		{17296CD2-4F15-46E7-AA16-214A62558BB0}.Release|Any CPU.ActiveCfg = Release|Any CPU
		{17296CD2-4F15-46E7-AA16-214A62558BB0}.Release|Any CPU.Build.0 = Release|Any CPU
		{17296CD2-4F15-46E7-AA16-214A62558BB0}.Release|x64.ActiveCfg = Release|Any CPU
		{17296CD2-4F15-46E7-AA16-214A62558BB0}.Release|x64.Build.0 = Release|Any CPU
		{17296CD2-4F15-46E7-AA16-214A62558BB0}.Release|x86.ActiveCfg = Release|Any CPU
		{17296CD2-4F15-46E7-AA16-214A62558BB0}.Release|x86.Build.0 = Release|Any CPU
		{A3F32BE7-8B44-4EAD-A1E2-83AA818AABE8}.Debug|Any CPU.ActiveCfg = Debug|Any CPU
		{A3F32BE7-8B44-4EAD-A1E2-83AA818AABE8}.Debug|Any CPU.Build.0 = Debug|Any CPU
		{A3F32BE7-8B44-4EAD-A1E2-83AA818AABE8}.Debug|x64.ActiveCfg = Debug|Any CPU
		{A3F32BE7-8B44-4EAD-A1E2-83AA818AABE8}.Debug|x64.Build.0 = Debug|Any CPU
		{A3F32BE7-8B44-4EAD-A1E2-83AA818AABE8}.Debug|x86.ActiveCfg = Debug|Any CPU
		{A3F32BE7-8B44-4EAD-A1E2-83AA818AABE8}.Debug|x86.Build.0 = Debug|Any CPU
		{A3F32BE7-8B44-4EAD-A1E2-83AA818AABE8}.Release|Any CPU.ActiveCfg = Release|Any CPU
		{A3F32BE7-8B44-4EAD-A1E2-83AA818AABE8}.Release|Any CPU.Build.0 = Release|Any CPU
		{A3F32BE7-8B44-4EAD-A1E2-83AA818AABE8}.Release|x64.ActiveCfg = Release|Any CPU
		{A3F32BE7-8B44-4EAD-A1E2-83AA818AABE8}.Release|x64.Build.0 = Release|Any CPU
		{A3F32BE7-8B44-4EAD-A1E2-83AA818AABE8}.Release|x86.ActiveCfg = Release|Any CPU
		{A3F32BE7-8B44-4EAD-A1E2-83AA818AABE8}.Release|x86.Build.0 = Release|Any CPU
		{6F686A55-D983-4C6D-9954-9583D52161C7}.Debug|Any CPU.ActiveCfg = Debug|Any CPU
		{6F686A55-D983-4C6D-9954-9583D52161C7}.Debug|Any CPU.Build.0 = Debug|Any CPU
		{6F686A55-D983-4C6D-9954-9583D52161C7}.Debug|x64.ActiveCfg = Debug|Any CPU
		{6F686A55-D983-4C6D-9954-9583D52161C7}.Debug|x64.Build.0 = Debug|Any CPU
		{6F686A55-D983-4C6D-9954-9583D52161C7}.Debug|x86.ActiveCfg = Debug|Any CPU
		{6F686A55-D983-4C6D-9954-9583D52161C7}.Debug|x86.Build.0 = Debug|Any CPU
		{6F686A55-D983-4C6D-9954-9583D52161C7}.Release|Any CPU.ActiveCfg = Release|Any CPU
		{6F686A55-D983-4C6D-9954-9583D52161C7}.Release|Any CPU.Build.0 = Release|Any CPU
		{6F686A55-D983-4C6D-9954-9583D52161C7}.Release|x64.ActiveCfg = Release|Any CPU
		{6F686A55-D983-4C6D-9954-9583D52161C7}.Release|x64.Build.0 = Release|Any CPU
		{6F686A55-D983-4C6D-9954-9583D52161C7}.Release|x86.ActiveCfg = Release|Any CPU
		{6F686A55-D983-4C6D-9954-9583D52161C7}.Release|x86.Build.0 = Release|Any CPU
		{A7817369-3FFA-4CE7-BB3F-14E444764BB6}.Debug|Any CPU.ActiveCfg = Debug|Any CPU
		{A7817369-3FFA-4CE7-BB3F-14E444764BB6}.Debug|Any CPU.Build.0 = Debug|Any CPU
		{A7817369-3FFA-4CE7-BB3F-14E444764BB6}.Debug|x64.ActiveCfg = Debug|Any CPU
		{A7817369-3FFA-4CE7-BB3F-14E444764BB6}.Debug|x64.Build.0 = Debug|Any CPU
		{A7817369-3FFA-4CE7-BB3F-14E444764BB6}.Debug|x86.ActiveCfg = Debug|Any CPU
		{A7817369-3FFA-4CE7-BB3F-14E444764BB6}.Debug|x86.Build.0 = Debug|Any CPU
		{A7817369-3FFA-4CE7-BB3F-14E444764BB6}.Release|Any CPU.ActiveCfg = Release|Any CPU
		{A7817369-3FFA-4CE7-BB3F-14E444764BB6}.Release|Any CPU.Build.0 = Release|Any CPU
		{A7817369-3FFA-4CE7-BB3F-14E444764BB6}.Release|x64.ActiveCfg = Release|Any CPU
		{A7817369-3FFA-4CE7-BB3F-14E444764BB6}.Release|x64.Build.0 = Release|Any CPU
		{A7817369-3FFA-4CE7-BB3F-14E444764BB6}.Release|x86.ActiveCfg = Release|Any CPU
		{A7817369-3FFA-4CE7-BB3F-14E444764BB6}.Release|x86.Build.0 = Release|Any CPU
		{7E813E8F-C504-4AD0-A76C-2AD2A59BB7B4}.Debug|Any CPU.ActiveCfg = Debug|Any CPU
		{7E813E8F-C504-4AD0-A76C-2AD2A59BB7B4}.Debug|Any CPU.Build.0 = Debug|Any CPU
		{7E813E8F-C504-4AD0-A76C-2AD2A59BB7B4}.Debug|x64.ActiveCfg = Debug|Any CPU
		{7E813E8F-C504-4AD0-A76C-2AD2A59BB7B4}.Debug|x64.Build.0 = Debug|Any CPU
		{7E813E8F-C504-4AD0-A76C-2AD2A59BB7B4}.Debug|x86.ActiveCfg = Debug|Any CPU
		{7E813E8F-C504-4AD0-A76C-2AD2A59BB7B4}.Debug|x86.Build.0 = Debug|Any CPU
		{7E813E8F-C504-4AD0-A76C-2AD2A59BB7B4}.Release|Any CPU.ActiveCfg = Release|Any CPU
		{7E813E8F-C504-4AD0-A76C-2AD2A59BB7B4}.Release|Any CPU.Build.0 = Release|Any CPU
		{7E813E8F-C504-4AD0-A76C-2AD2A59BB7B4}.Release|x64.ActiveCfg = Release|Any CPU
		{7E813E8F-C504-4AD0-A76C-2AD2A59BB7B4}.Release|x64.Build.0 = Release|Any CPU
		{7E813E8F-C504-4AD0-A76C-2AD2A59BB7B4}.Release|x86.ActiveCfg = Release|Any CPU
		{7E813E8F-C504-4AD0-A76C-2AD2A59BB7B4}.Release|x86.Build.0 = Release|Any CPU
		{5482A180-E0C9-44F7-A55C-51B12DD24D2D}.Debug|Any CPU.ActiveCfg = Debug|Any CPU
		{5482A180-E0C9-44F7-A55C-51B12DD24D2D}.Debug|Any CPU.Build.0 = Debug|Any CPU
		{5482A180-E0C9-44F7-A55C-51B12DD24D2D}.Debug|x64.ActiveCfg = Debug|Any CPU
		{5482A180-E0C9-44F7-A55C-51B12DD24D2D}.Debug|x64.Build.0 = Debug|Any CPU
		{5482A180-E0C9-44F7-A55C-51B12DD24D2D}.Debug|x86.ActiveCfg = Debug|Any CPU
		{5482A180-E0C9-44F7-A55C-51B12DD24D2D}.Debug|x86.Build.0 = Debug|Any CPU
		{5482A180-E0C9-44F7-A55C-51B12DD24D2D}.Release|Any CPU.ActiveCfg = Release|Any CPU
		{5482A180-E0C9-44F7-A55C-51B12DD24D2D}.Release|Any CPU.Build.0 = Release|Any CPU
		{5482A180-E0C9-44F7-A55C-51B12DD24D2D}.Release|x64.ActiveCfg = Release|Any CPU
		{5482A180-E0C9-44F7-A55C-51B12DD24D2D}.Release|x64.Build.0 = Release|Any CPU
		{5482A180-E0C9-44F7-A55C-51B12DD24D2D}.Release|x86.ActiveCfg = Release|Any CPU
		{5482A180-E0C9-44F7-A55C-51B12DD24D2D}.Release|x86.Build.0 = Release|Any CPU
	EndGlobalSection
EndGlobal
